
Microsoft Visual Studio Solution File, Format Version 12.00
Project("{FAE04EC0-301F-11D3-BF4B-00C04F79EFBC}") = "Lab1", "Lab1\Lab1.csproj", "{78979B8B-7C9E-4FF6-887E-67892CA743A4}"
EndProject
Project("{FAE04EC0-301F-11D3-BF4B-00C04F79EFBC}") = "Lab2", "Lab2\Lab2.csproj", "{DA5CF80A-F2FF-4E83-A273-9612E3E9EE1E}"
EndProject
Project("{FAE04EC0-301F-11D3-BF4B-00C04F79EFBC}") = "Lab3", "Lab3\Lab3.csproj", "{114EC72C-00A5-4308-8A0C-DD1071BBB94F}"
EndProject
Project("{FAE04EC0-301F-11D3-BF4B-00C04F79EFBC}") = "Lab4", "Lab4\Lab4.csproj", "{48C4E8E7-236C-402E-89A0-1233BFAC9395}"
EndProject
Global
	GlobalSection(SolutionConfigurationPlatforms) = preSolution
		Debug|Any CPU = Debug|Any CPU
		Release|Any CPU = Release|Any CPU
	EndGlobalSection
	GlobalSection(ProjectConfigurationPlatforms) = postSolution
		{78979B8B-7C9E-4FF6-887E-67892CA743A4}.Debug|Any CPU.ActiveCfg = Debug|Any CPU
		{78979B8B-7C9E-4FF6-887E-67892CA743A4}.Debug|Any CPU.Build.0 = Debug|Any CPU
		{78979B8B-7C9E-4FF6-887E-67892CA743A4}.Release|Any CPU.ActiveCfg = Release|Any CPU
		{78979B8B-7C9E-4FF6-887E-67892CA743A4}.Release|Any CPU.Build.0 = Release|Any CPU
		{DA5CF80A-F2FF-4E83-A273-9612E3E9EE1E}.Debug|Any CPU.ActiveCfg = Debug|Any CPU
		{DA5CF80A-F2FF-4E83-A273-9612E3E9EE1E}.Debug|Any CPU.Build.0 = Debug|Any CPU
		{DA5CF80A-F2FF-4E83-A273-9612E3E9EE1E}.Release|Any CPU.ActiveCfg = Release|Any CPU
		{DA5CF80A-F2FF-4E83-A273-9612E3E9EE1E}.Release|Any CPU.Build.0 = Release|Any CPU
		{114EC72C-00A5-4308-8A0C-DD1071BBB94F}.Debug|Any CPU.ActiveCfg = Debug|Any CPU
		{114EC72C-00A5-4308-8A0C-DD1071BBB94F}.Debug|Any CPU.Build.0 = Debug|Any CPU
		{114EC72C-00A5-4308-8A0C-DD1071BBB94F}.Release|Any CPU.ActiveCfg = Release|Any CPU
		{114EC72C-00A5-4308-8A0C-DD1071BBB94F}.Release|Any CPU.Build.0 = Release|Any CPU
		{48C4E8E7-236C-402E-89A0-1233BFAC9395}.Debug|Any CPU.ActiveCfg = Debug|Any CPU
		{48C4E8E7-236C-402E-89A0-1233BFAC9395}.Debug|Any CPU.Build.0 = Debug|Any CPU
		{48C4E8E7-236C-402E-89A0-1233BFAC9395}.Release|Any CPU.ActiveCfg = Release|Any CPU
		{48C4E8E7-236C-402E-89A0-1233BFAC9395}.Release|Any CPU.Build.0 = Release|Any CPU
	EndGlobalSection
EndGlobal
